
Microsoft Visual Studio Solution File, Format Version 12.00
# Visual Studio Version 16
VisualStudioVersion = 16.0.31702.278
MinimumVisualStudioVersion = 10.0.40219.1
Project("{FAE04EC0-301F-11D3-BF4B-00C04F79EFBC}") = "AppHelloWorld", "AppHelloWorld\AppHelloWorld.csproj", "{3546CFE9-FCB0-47CF-B15C-65A799AC75C4}"
EndProject
Project("{FAE04EC0-301F-11D3-BF4B-00C04F79EFBC}") = "Task 2", "Task 2\Task 2.csproj", "{D7F80458-C076-406F-880A-BBCF30129C2A}"
EndProject
Project("{FAE04EC0-301F-11D3-BF4B-00C04F79EFBC}") = "U04", "U04\U04.csproj", "{D0F1B120-0831-4BBB-ACD9-206311B19FFD}"
EndProject
Project("{FAE04EC0-301F-11D3-BF4B-00C04F79EFBC}") = "U05", "U05\U05.csproj", "{5BE94209-9FBE-417A-A6F0-C08714209BBA}"
EndProject
Project("{FAE04EC0-301F-11D3-BF4B-00C04F79EFBC}") = "U08", "U08\U08.csproj", "{2230D5AC-F98E-4AAF-92BA-307DAF655BB7}"
EndProject
Project("{FAE04EC0-301F-11D3-BF4B-00C04F79EFBC}") = "U11", "U11\U11.csproj", "{89D9B660-74B2-48BC-8BAE-231C8A913006}"
EndProject
Project("{FAE04EC0-301F-11D3-BF4B-00C04F79EFBC}") = "U13", "U13\U13.csproj", "{312D0F73-99FC-4155-9A4C-618EF6E5857F}"
EndProject
Project("{FAE04EC0-301F-11D3-BF4B-00C04F79EFBC}") = "WeatherApp", "WeatherApp\WeatherApp.csproj", "{920A3F8A-34DC-4068-AF71-F1B969C99A36}"
EndProject
Project("{FAE04EC0-301F-11D3-BF4B-00C04F79EFBC}") = "Task4e1", "Task4e1\Task4e1.csproj", "{CAFD930D-ED79-4764-89D4-0356DEF26D62}"
EndProject
Project("{FAE04EC0-301F-11D3-BF4B-00C04F79EFBC}") = "U17", "U17\U17.csproj", "{53B2E14E-89F6-4AF8-BA49-5ED544105B22}"
EndProject
Project("{FAE04EC0-301F-11D3-BF4B-00C04F79EFBC}") = "U19", "U19\U19.csproj", "{90AD04D8-EB96-4BC2-951F-573F4C55F64E}"
EndProject
Project("{FAE04EC0-301F-11D3-BF4B-00C04F79EFBC}") = "U20", "U20\U20.csproj", "{F9015FA7-D44C-4AB3-92E6-A4FE90FD9E7E}"
EndProject
Global
	GlobalSection(SolutionConfigurationPlatforms) = preSolution
		Debug|ARM = Debug|ARM
		Debug|ARM64 = Debug|ARM64
		Debug|x64 = Debug|x64
		Debug|x86 = Debug|x86
		Release|ARM = Release|ARM
		Release|ARM64 = Release|ARM64
		Release|x64 = Release|x64
		Release|x86 = Release|x86
	EndGlobalSection
	GlobalSection(ProjectConfigurationPlatforms) = postSolution
		{3546CFE9-FCB0-47CF-B15C-65A799AC75C4}.Debug|ARM.ActiveCfg = Debug|ARM
		{3546CFE9-FCB0-47CF-B15C-65A799AC75C4}.Debug|ARM.Build.0 = Debug|ARM
		{3546CFE9-FCB0-47CF-B15C-65A799AC75C4}.Debug|ARM.Deploy.0 = Debug|ARM
		{3546CFE9-FCB0-47CF-B15C-65A799AC75C4}.Debug|ARM64.ActiveCfg = Debug|ARM64
		{3546CFE9-FCB0-47CF-B15C-65A799AC75C4}.Debug|ARM64.Build.0 = Debug|ARM64
		{3546CFE9-FCB0-47CF-B15C-65A799AC75C4}.Debug|ARM64.Deploy.0 = Debug|ARM64
		{3546CFE9-FCB0-47CF-B15C-65A799AC75C4}.Debug|x64.ActiveCfg = Debug|x64
		{3546CFE9-FCB0-47CF-B15C-65A799AC75C4}.Debug|x64.Build.0 = Debug|x64
		{3546CFE9-FCB0-47CF-B15C-65A799AC75C4}.Debug|x64.Deploy.0 = Debug|x64
		{3546CFE9-FCB0-47CF-B15C-65A799AC75C4}.Debug|x86.ActiveCfg = Debug|x86
		{3546CFE9-FCB0-47CF-B15C-65A799AC75C4}.Debug|x86.Build.0 = Debug|x86
		{3546CFE9-FCB0-47CF-B15C-65A799AC75C4}.Debug|x86.Deploy.0 = Debug|x86
		{3546CFE9-FCB0-47CF-B15C-65A799AC75C4}.Release|ARM.ActiveCfg = Release|ARM
		{3546CFE9-FCB0-47CF-B15C-65A799AC75C4}.Release|ARM.Build.0 = Release|ARM
		{3546CFE9-FCB0-47CF-B15C-65A799AC75C4}.Release|ARM.Deploy.0 = Release|ARM
		{3546CFE9-FCB0-47CF-B15C-65A799AC75C4}.Release|ARM64.ActiveCfg = Release|ARM64
		{3546CFE9-FCB0-47CF-B15C-65A799AC75C4}.Release|ARM64.Build.0 = Release|ARM64
		{3546CFE9-FCB0-47CF-B15C-65A799AC75C4}.Release|ARM64.Deploy.0 = Release|ARM64
		{3546CFE9-FCB0-47CF-B15C-65A799AC75C4}.Release|x64.ActiveCfg = Release|x64
		{3546CFE9-FCB0-47CF-B15C-65A799AC75C4}.Release|x64.Build.0 = Release|x64
		{3546CFE9-FCB0-47CF-B15C-65A799AC75C4}.Release|x64.Deploy.0 = Release|x64
		{3546CFE9-FCB0-47CF-B15C-65A799AC75C4}.Release|x86.ActiveCfg = Release|x86
		{3546CFE9-FCB0-47CF-B15C-65A799AC75C4}.Release|x86.Build.0 = Release|x86
		{3546CFE9-FCB0-47CF-B15C-65A799AC75C4}.Release|x86.Deploy.0 = Release|x86
		{D7F80458-C076-406F-880A-BBCF30129C2A}.Debug|ARM.ActiveCfg = Debug|ARM
		{D7F80458-C076-406F-880A-BBCF30129C2A}.Debug|ARM.Build.0 = Debug|ARM
		{D7F80458-C076-406F-880A-BBCF30129C2A}.Debug|ARM.Deploy.0 = Debug|ARM
		{D7F80458-C076-406F-880A-BBCF30129C2A}.Debug|ARM64.ActiveCfg = Debug|ARM64
		{D7F80458-C076-406F-880A-BBCF30129C2A}.Debug|ARM64.Build.0 = Debug|ARM64
		{D7F80458-C076-406F-880A-BBCF30129C2A}.Debug|ARM64.Deploy.0 = Debug|ARM64
		{D7F80458-C076-406F-880A-BBCF30129C2A}.Debug|x64.ActiveCfg = Debug|x64
		{D7F80458-C076-406F-880A-BBCF30129C2A}.Debug|x64.Build.0 = Debug|x64
		{D7F80458-C076-406F-880A-BBCF30129C2A}.Debug|x64.Deploy.0 = Debug|x64
		{D7F80458-C076-406F-880A-BBCF30129C2A}.Debug|x86.ActiveCfg = Debug|x86
		{D7F80458-C076-406F-880A-BBCF30129C2A}.Debug|x86.Build.0 = Debug|x86
		{D7F80458-C076-406F-880A-BBCF30129C2A}.Debug|x86.Deploy.0 = Debug|x86
		{D7F80458-C076-406F-880A-BBCF30129C2A}.Release|ARM.ActiveCfg = Release|ARM
		{D7F80458-C076-406F-880A-BBCF30129C2A}.Release|ARM.Build.0 = Release|ARM
		{D7F80458-C076-406F-880A-BBCF30129C2A}.Release|ARM.Deploy.0 = Release|ARM
		{D7F80458-C076-406F-880A-BBCF30129C2A}.Release|ARM64.ActiveCfg = Release|ARM64
		{D7F80458-C076-406F-880A-BBCF30129C2A}.Release|ARM64.Build.0 = Release|ARM64
		{D7F80458-C076-406F-880A-BBCF30129C2A}.Release|ARM64.Deploy.0 = Release|ARM64
		{D7F80458-C076-406F-880A-BBCF30129C2A}.Release|x64.ActiveCfg = Release|x64
		{D7F80458-C076-406F-880A-BBCF30129C2A}.Release|x64.Build.0 = Release|x64
		{D7F80458-C076-406F-880A-BBCF30129C2A}.Release|x64.Deploy.0 = Release|x64
		{D7F80458-C076-406F-880A-BBCF30129C2A}.Release|x86.ActiveCfg = Release|x86
		{D7F80458-C076-406F-880A-BBCF30129C2A}.Release|x86.Build.0 = Release|x86
		{D7F80458-C076-406F-880A-BBCF30129C2A}.Release|x86.Deploy.0 = Release|x86
		{D0F1B120-0831-4BBB-ACD9-206311B19FFD}.Debug|ARM.ActiveCfg = Debug|ARM
		{D0F1B120-0831-4BBB-ACD9-206311B19FFD}.Debug|ARM.Build.0 = Debug|ARM
		{D0F1B120-0831-4BBB-ACD9-206311B19FFD}.Debug|ARM.Deploy.0 = Debug|ARM
		{D0F1B120-0831-4BBB-ACD9-206311B19FFD}.Debug|ARM64.ActiveCfg = Debug|ARM64
		{D0F1B120-0831-4BBB-ACD9-206311B19FFD}.Debug|ARM64.Build.0 = Debug|ARM64
		{D0F1B120-0831-4BBB-ACD9-206311B19FFD}.Debug|ARM64.Deploy.0 = Debug|ARM64
		{D0F1B120-0831-4BBB-ACD9-206311B19FFD}.Debug|x64.ActiveCfg = Debug|x64
		{D0F1B120-0831-4BBB-ACD9-206311B19FFD}.Debug|x64.Build.0 = Debug|x64
		{D0F1B120-0831-4BBB-ACD9-206311B19FFD}.Debug|x64.Deploy.0 = Debug|x64
		{D0F1B120-0831-4BBB-ACD9-206311B19FFD}.Debug|x86.ActiveCfg = Debug|x86
		{D0F1B120-0831-4BBB-ACD9-206311B19FFD}.Debug|x86.Build.0 = Debug|x86
		{D0F1B120-0831-4BBB-ACD9-206311B19FFD}.Debug|x86.Deploy.0 = Debug|x86
		{D0F1B120-0831-4BBB-ACD9-206311B19FFD}.Release|ARM.ActiveCfg = Release|ARM
		{D0F1B120-0831-4BBB-ACD9-206311B19FFD}.Release|ARM.Build.0 = Release|ARM
		{D0F1B120-0831-4BBB-ACD9-206311B19FFD}.Release|ARM.Deploy.0 = Release|ARM
		{D0F1B120-0831-4BBB-ACD9-206311B19FFD}.Release|ARM64.ActiveCfg = Release|ARM64
		{D0F1B120-0831-4BBB-ACD9-206311B19FFD}.Release|ARM64.Build.0 = Release|ARM64
		{D0F1B120-0831-4BBB-ACD9-206311B19FFD}.Release|ARM64.Deploy.0 = Release|ARM64
		{D0F1B120-0831-4BBB-ACD9-206311B19FFD}.Release|x64.ActiveCfg = Release|x64
		{D0F1B120-0831-4BBB-ACD9-206311B19FFD}.Release|x64.Build.0 = Release|x64
		{D0F1B120-0831-4BBB-ACD9-206311B19FFD}.Release|x64.Deploy.0 = Release|x64
		{D0F1B120-0831-4BBB-ACD9-206311B19FFD}.Release|x86.ActiveCfg = Release|x86
		{D0F1B120-0831-4BBB-ACD9-206311B19FFD}.Release|x86.Build.0 = Release|x86
		{D0F1B120-0831-4BBB-ACD9-206311B19FFD}.Release|x86.Deploy.0 = Release|x86
		{5BE94209-9FBE-417A-A6F0-C08714209BBA}.Debug|ARM.ActiveCfg = Debug|ARM
		{5BE94209-9FBE-417A-A6F0-C08714209BBA}.Debug|ARM.Build.0 = Debug|ARM
		{5BE94209-9FBE-417A-A6F0-C08714209BBA}.Debug|ARM.Deploy.0 = Debug|ARM
		{5BE94209-9FBE-417A-A6F0-C08714209BBA}.Debug|ARM64.ActiveCfg = Debug|ARM64
		{5BE94209-9FBE-417A-A6F0-C08714209BBA}.Debug|ARM64.Build.0 = Debug|ARM64
		{5BE94209-9FBE-417A-A6F0-C08714209BBA}.Debug|ARM64.Deploy.0 = Debug|ARM64
		{5BE94209-9FBE-417A-A6F0-C08714209BBA}.Debug|x64.ActiveCfg = Debug|x64
		{5BE94209-9FBE-417A-A6F0-C08714209BBA}.Debug|x64.Build.0 = Debug|x64
		{5BE94209-9FBE-417A-A6F0-C08714209BBA}.Debug|x64.Deploy.0 = Debug|x64
		{5BE94209-9FBE-417A-A6F0-C08714209BBA}.Debug|x86.ActiveCfg = Debug|x86
		{5BE94209-9FBE-417A-A6F0-C08714209BBA}.Debug|x86.Build.0 = Debug|x86
		{5BE94209-9FBE-417A-A6F0-C08714209BBA}.Debug|x86.Deploy.0 = Debug|x86
		{5BE94209-9FBE-417A-A6F0-C08714209BBA}.Release|ARM.ActiveCfg = Release|ARM
		{5BE94209-9FBE-417A-A6F0-C08714209BBA}.Release|ARM.Build.0 = Release|ARM
		{5BE94209-9FBE-417A-A6F0-C08714209BBA}.Release|ARM.Deploy.0 = Release|ARM
		{5BE94209-9FBE-417A-A6F0-C08714209BBA}.Release|ARM64.ActiveCfg = Release|ARM64
		{5BE94209-9FBE-417A-A6F0-C08714209BBA}.Release|ARM64.Build.0 = Release|ARM64
		{5BE94209-9FBE-417A-A6F0-C08714209BBA}.Release|ARM64.Deploy.0 = Release|ARM64
		{5BE94209-9FBE-417A-A6F0-C08714209BBA}.Release|x64.ActiveCfg = Release|x64
		{5BE94209-9FBE-417A-A6F0-C08714209BBA}.Release|x64.Build.0 = Release|x64
		{5BE94209-9FBE-417A-A6F0-C08714209BBA}.Release|x64.Deploy.0 = Release|x64
		{5BE94209-9FBE-417A-A6F0-C08714209BBA}.Release|x86.ActiveCfg = Release|x86
		{5BE94209-9FBE-417A-A6F0-C08714209BBA}.Release|x86.Build.0 = Release|x86
		{5BE94209-9FBE-417A-A6F0-C08714209BBA}.Release|x86.Deploy.0 = Release|x86
		{2230D5AC-F98E-4AAF-92BA-307DAF655BB7}.Debug|ARM.ActiveCfg = Debug|ARM
		{2230D5AC-F98E-4AAF-92BA-307DAF655BB7}.Debug|ARM.Build.0 = Debug|ARM
		{2230D5AC-F98E-4AAF-92BA-307DAF655BB7}.Debug|ARM.Deploy.0 = Debug|ARM
		{2230D5AC-F98E-4AAF-92BA-307DAF655BB7}.Debug|ARM64.ActiveCfg = Debug|ARM64
		{2230D5AC-F98E-4AAF-92BA-307DAF655BB7}.Debug|ARM64.Build.0 = Debug|ARM64
		{2230D5AC-F98E-4AAF-92BA-307DAF655BB7}.Debug|ARM64.Deploy.0 = Debug|ARM64
		{2230D5AC-F98E-4AAF-92BA-307DAF655BB7}.Debug|x64.ActiveCfg = Debug|x64
		{2230D5AC-F98E-4AAF-92BA-307DAF655BB7}.Debug|x64.Build.0 = Debug|x64
		{2230D5AC-F98E-4AAF-92BA-307DAF655BB7}.Debug|x64.Deploy.0 = Debug|x64
		{2230D5AC-F98E-4AAF-92BA-307DAF655BB7}.Debug|x86.ActiveCfg = Debug|x86
		{2230D5AC-F98E-4AAF-92BA-307DAF655BB7}.Debug|x86.Build.0 = Debug|x86
		{2230D5AC-F98E-4AAF-92BA-307DAF655BB7}.Debug|x86.Deploy.0 = Debug|x86
		{2230D5AC-F98E-4AAF-92BA-307DAF655BB7}.Release|ARM.ActiveCfg = Release|ARM
		{2230D5AC-F98E-4AAF-92BA-307DAF655BB7}.Release|ARM.Build.0 = Release|ARM
		{2230D5AC-F98E-4AAF-92BA-307DAF655BB7}.Release|ARM.Deploy.0 = Release|ARM
		{2230D5AC-F98E-4AAF-92BA-307DAF655BB7}.Release|ARM64.ActiveCfg = Release|ARM64
		{2230D5AC-F98E-4AAF-92BA-307DAF655BB7}.Release|ARM64.Build.0 = Release|ARM64
		{2230D5AC-F98E-4AAF-92BA-307DAF655BB7}.Release|ARM64.Deploy.0 = Release|ARM64
		{2230D5AC-F98E-4AAF-92BA-307DAF655BB7}.Release|x64.ActiveCfg = Release|x64
		{2230D5AC-F98E-4AAF-92BA-307DAF655BB7}.Release|x64.Build.0 = Release|x64
		{2230D5AC-F98E-4AAF-92BA-307DAF655BB7}.Release|x64.Deploy.0 = Release|x64
		{2230D5AC-F98E-4AAF-92BA-307DAF655BB7}.Release|x86.ActiveCfg = Release|x86
		{2230D5AC-F98E-4AAF-92BA-307DAF655BB7}.Release|x86.Build.0 = Release|x86
		{2230D5AC-F98E-4AAF-92BA-307DAF655BB7}.Release|x86.Deploy.0 = Release|x86
		{89D9B660-74B2-48BC-8BAE-231C8A913006}.Debug|ARM.ActiveCfg = Debug|ARM
		{89D9B660-74B2-48BC-8BAE-231C8A913006}.Debug|ARM.Build.0 = Debug|ARM
		{89D9B660-74B2-48BC-8BAE-231C8A913006}.Debug|ARM.Deploy.0 = Debug|ARM
		{89D9B660-74B2-48BC-8BAE-231C8A913006}.Debug|ARM64.ActiveCfg = Debug|ARM64
		{89D9B660-74B2-48BC-8BAE-231C8A913006}.Debug|ARM64.Build.0 = Debug|ARM64
		{89D9B660-74B2-48BC-8BAE-231C8A913006}.Debug|ARM64.Deploy.0 = Debug|ARM64
		{89D9B660-74B2-48BC-8BAE-231C8A913006}.Debug|x64.ActiveCfg = Debug|x64
		{89D9B660-74B2-48BC-8BAE-231C8A913006}.Debug|x64.Build.0 = Debug|x64
		{89D9B660-74B2-48BC-8BAE-231C8A913006}.Debug|x64.Deploy.0 = Debug|x64
		{89D9B660-74B2-48BC-8BAE-231C8A913006}.Debug|x86.ActiveCfg = Debug|x86
		{89D9B660-74B2-48BC-8BAE-231C8A913006}.Debug|x86.Build.0 = Debug|x86
		{89D9B660-74B2-48BC-8BAE-231C8A913006}.Debug|x86.Deploy.0 = Debug|x86
		{89D9B660-74B2-48BC-8BAE-231C8A913006}.Release|ARM.ActiveCfg = Release|ARM
		{89D9B660-74B2-48BC-8BAE-231C8A913006}.Release|ARM.Build.0 = Release|ARM
		{89D9B660-74B2-48BC-8BAE-231C8A913006}.Release|ARM.Deploy.0 = Release|ARM
		{89D9B660-74B2-48BC-8BAE-231C8A913006}.Release|ARM64.ActiveCfg = Release|ARM64
		{89D9B660-74B2-48BC-8BAE-231C8A913006}.Release|ARM64.Build.0 = Release|ARM64
		{89D9B660-74B2-48BC-8BAE-231C8A913006}.Release|ARM64.Deploy.0 = Release|ARM64
		{89D9B660-74B2-48BC-8BAE-231C8A913006}.Release|x64.ActiveCfg = Release|x64
		{89D9B660-74B2-48BC-8BAE-231C8A913006}.Release|x64.Build.0 = Release|x64
		{89D9B660-74B2-48BC-8BAE-231C8A913006}.Release|x64.Deploy.0 = Release|x64
		{89D9B660-74B2-48BC-8BAE-231C8A913006}.Release|x86.ActiveCfg = Release|x86
		{89D9B660-74B2-48BC-8BAE-231C8A913006}.Release|x86.Build.0 = Release|x86
		{89D9B660-74B2-48BC-8BAE-231C8A913006}.Release|x86.Deploy.0 = Release|x86
		{312D0F73-99FC-4155-9A4C-618EF6E5857F}.Debug|ARM.ActiveCfg = Debug|ARM
		{312D0F73-99FC-4155-9A4C-618EF6E5857F}.Debug|ARM.Build.0 = Debug|ARM
		{312D0F73-99FC-4155-9A4C-618EF6E5857F}.Debug|ARM.Deploy.0 = Debug|ARM
		{312D0F73-99FC-4155-9A4C-618EF6E5857F}.Debug|ARM64.ActiveCfg = Debug|ARM64
		{312D0F73-99FC-4155-9A4C-618EF6E5857F}.Debug|ARM64.Build.0 = Debug|ARM64
		{312D0F73-99FC-4155-9A4C-618EF6E5857F}.Debug|ARM64.Deploy.0 = Debug|ARM64
		{312D0F73-99FC-4155-9A4C-618EF6E5857F}.Debug|x64.ActiveCfg = Debug|x64
		{312D0F73-99FC-4155-9A4C-618EF6E5857F}.Debug|x64.Build.0 = Debug|x64
		{312D0F73-99FC-4155-9A4C-618EF6E5857F}.Debug|x64.Deploy.0 = Debug|x64
		{312D0F73-99FC-4155-9A4C-618EF6E5857F}.Debug|x86.ActiveCfg = Debug|x86
		{312D0F73-99FC-4155-9A4C-618EF6E5857F}.Debug|x86.Build.0 = Debug|x86
		{312D0F73-99FC-4155-9A4C-618EF6E5857F}.Debug|x86.Deploy.0 = Debug|x86
		{312D0F73-99FC-4155-9A4C-618EF6E5857F}.Release|ARM.ActiveCfg = Release|ARM
		{312D0F73-99FC-4155-9A4C-618EF6E5857F}.Release|ARM.Build.0 = Release|ARM
		{312D0F73-99FC-4155-9A4C-618EF6E5857F}.Release|ARM.Deploy.0 = Release|ARM
		{312D0F73-99FC-4155-9A4C-618EF6E5857F}.Release|ARM64.ActiveCfg = Release|ARM64
		{312D0F73-99FC-4155-9A4C-618EF6E5857F}.Release|ARM64.Build.0 = Release|ARM64
		{312D0F73-99FC-4155-9A4C-618EF6E5857F}.Release|ARM64.Deploy.0 = Release|ARM64
		{312D0F73-99FC-4155-9A4C-618EF6E5857F}.Release|x64.ActiveCfg = Release|x64
		{312D0F73-99FC-4155-9A4C-618EF6E5857F}.Release|x64.Build.0 = Release|x64
		{312D0F73-99FC-4155-9A4C-618EF6E5857F}.Release|x64.Deploy.0 = Release|x64
		{312D0F73-99FC-4155-9A4C-618EF6E5857F}.Release|x86.ActiveCfg = Release|x86
		{312D0F73-99FC-4155-9A4C-618EF6E5857F}.Release|x86.Build.0 = Release|x86
		{312D0F73-99FC-4155-9A4C-618EF6E5857F}.Release|x86.Deploy.0 = Release|x86
		{920A3F8A-34DC-4068-AF71-F1B969C99A36}.Debug|ARM.ActiveCfg = Debug|ARM
		{920A3F8A-34DC-4068-AF71-F1B969C99A36}.Debug|ARM.Build.0 = Debug|ARM
		{920A3F8A-34DC-4068-AF71-F1B969C99A36}.Debug|ARM.Deploy.0 = Debug|ARM
		{920A3F8A-34DC-4068-AF71-F1B969C99A36}.Debug|ARM64.ActiveCfg = Debug|ARM64
		{920A3F8A-34DC-4068-AF71-F1B969C99A36}.Debug|ARM64.Build.0 = Debug|ARM64
		{920A3F8A-34DC-4068-AF71-F1B969C99A36}.Debug|ARM64.Deploy.0 = Debug|ARM64
		{920A3F8A-34DC-4068-AF71-F1B969C99A36}.Debug|x64.ActiveCfg = Debug|x64
		{920A3F8A-34DC-4068-AF71-F1B969C99A36}.Debug|x64.Build.0 = Debug|x64
		{920A3F8A-34DC-4068-AF71-F1B969C99A36}.Debug|x64.Deploy.0 = Debug|x64
		{920A3F8A-34DC-4068-AF71-F1B969C99A36}.Debug|x86.ActiveCfg = Debug|x86
		{920A3F8A-34DC-4068-AF71-F1B969C99A36}.Debug|x86.Build.0 = Debug|x86
		{920A3F8A-34DC-4068-AF71-F1B969C99A36}.Debug|x86.Deploy.0 = Debug|x86
		{920A3F8A-34DC-4068-AF71-F1B969C99A36}.Release|ARM.ActiveCfg = Release|ARM
		{920A3F8A-34DC-4068-AF71-F1B969C99A36}.Release|ARM.Build.0 = Release|ARM
		{920A3F8A-34DC-4068-AF71-F1B969C99A36}.Release|ARM.Deploy.0 = Release|ARM
		{920A3F8A-34DC-4068-AF71-F1B969C99A36}.Release|ARM64.ActiveCfg = Release|ARM64
		{920A3F8A-34DC-4068-AF71-F1B969C99A36}.Release|ARM64.Build.0 = Release|ARM64
		{920A3F8A-34DC-4068-AF71-F1B969C99A36}.Release|ARM64.Deploy.0 = Release|ARM64
		{920A3F8A-34DC-4068-AF71-F1B969C99A36}.Release|x64.ActiveCfg = Release|x64
		{920A3F8A-34DC-4068-AF71-F1B969C99A36}.Release|x64.Build.0 = Release|x64
		{920A3F8A-34DC-4068-AF71-F1B969C99A36}.Release|x64.Deploy.0 = Release|x64
		{920A3F8A-34DC-4068-AF71-F1B969C99A36}.Release|x86.ActiveCfg = Release|x86
		{920A3F8A-34DC-4068-AF71-F1B969C99A36}.Release|x86.Build.0 = Release|x86
		{920A3F8A-34DC-4068-AF71-F1B969C99A36}.Release|x86.Deploy.0 = Release|x86
		{CAFD930D-ED79-4764-89D4-0356DEF26D62}.Debug|ARM.ActiveCfg = Debug|ARM
		{CAFD930D-ED79-4764-89D4-0356DEF26D62}.Debug|ARM.Build.0 = Debug|ARM
		{CAFD930D-ED79-4764-89D4-0356DEF26D62}.Debug|ARM.Deploy.0 = Debug|ARM
		{CAFD930D-ED79-4764-89D4-0356DEF26D62}.Debug|ARM64.ActiveCfg = Debug|ARM64
		{CAFD930D-ED79-4764-89D4-0356DEF26D62}.Debug|ARM64.Build.0 = Debug|ARM64
		{CAFD930D-ED79-4764-89D4-0356DEF26D62}.Debug|ARM64.Deploy.0 = Debug|ARM64
		{CAFD930D-ED79-4764-89D4-0356DEF26D62}.Debug|x64.ActiveCfg = Debug|x64
		{CAFD930D-ED79-4764-89D4-0356DEF26D62}.Debug|x64.Build.0 = Debug|x64
		{CAFD930D-ED79-4764-89D4-0356DEF26D62}.Debug|x64.Deploy.0 = Debug|x64
		{CAFD930D-ED79-4764-89D4-0356DEF26D62}.Debug|x86.ActiveCfg = Debug|x86
		{CAFD930D-ED79-4764-89D4-0356DEF26D62}.Debug|x86.Build.0 = Debug|x86
		{CAFD930D-ED79-4764-89D4-0356DEF26D62}.Debug|x86.Deploy.0 = Debug|x86
		{CAFD930D-ED79-4764-89D4-0356DEF26D62}.Release|ARM.ActiveCfg = Release|ARM
		{CAFD930D-ED79-4764-89D4-0356DEF26D62}.Release|ARM.Build.0 = Release|ARM
		{CAFD930D-ED79-4764-89D4-0356DEF26D62}.Release|ARM.Deploy.0 = Release|ARM
		{CAFD930D-ED79-4764-89D4-0356DEF26D62}.Release|ARM64.ActiveCfg = Release|ARM64
		{CAFD930D-ED79-4764-89D4-0356DEF26D62}.Release|ARM64.Build.0 = Release|ARM64
		{CAFD930D-ED79-4764-89D4-0356DEF26D62}.Release|ARM64.Deploy.0 = Release|ARM64
		{CAFD930D-ED79-4764-89D4-0356DEF26D62}.Release|x64.ActiveCfg = Release|x64
		{CAFD930D-ED79-4764-89D4-0356DEF26D62}.Release|x64.Build.0 = Release|x64
		{CAFD930D-ED79-4764-89D4-0356DEF26D62}.Release|x64.Deploy.0 = Release|x64
		{CAFD930D-ED79-4764-89D4-0356DEF26D62}.Release|x86.ActiveCfg = Release|x86
		{CAFD930D-ED79-4764-89D4-0356DEF26D62}.Release|x86.Build.0 = Release|x86
		{CAFD930D-ED79-4764-89D4-0356DEF26D62}.Release|x86.Deploy.0 = Release|x86
		{53B2E14E-89F6-4AF8-BA49-5ED544105B22}.Debug|ARM.ActiveCfg = Debug|ARM
		{53B2E14E-89F6-4AF8-BA49-5ED544105B22}.Debug|ARM.Build.0 = Debug|ARM
		{53B2E14E-89F6-4AF8-BA49-5ED544105B22}.Debug|ARM.Deploy.0 = Debug|ARM
		{53B2E14E-89F6-4AF8-BA49-5ED544105B22}.Debug|ARM64.ActiveCfg = Debug|ARM64
		{53B2E14E-89F6-4AF8-BA49-5ED544105B22}.Debug|ARM64.Build.0 = Debug|ARM64
		{53B2E14E-89F6-4AF8-BA49-5ED544105B22}.Debug|ARM64.Deploy.0 = Debug|ARM64
		{53B2E14E-89F6-4AF8-BA49-5ED544105B22}.Debug|x64.ActiveCfg = Debug|x64
		{53B2E14E-89F6-4AF8-BA49-5ED544105B22}.Debug|x64.Build.0 = Debug|x64
		{53B2E14E-89F6-4AF8-BA49-5ED544105B22}.Debug|x64.Deploy.0 = Debug|x64
		{53B2E14E-89F6-4AF8-BA49-5ED544105B22}.Debug|x86.ActiveCfg = Debug|x86
		{53B2E14E-89F6-4AF8-BA49-5ED544105B22}.Debug|x86.Build.0 = Debug|x86
		{53B2E14E-89F6-4AF8-BA49-5ED544105B22}.Debug|x86.Deploy.0 = Debug|x86
		{53B2E14E-89F6-4AF8-BA49-5ED544105B22}.Release|ARM.ActiveCfg = Release|ARM
		{53B2E14E-89F6-4AF8-BA49-5ED544105B22}.Release|ARM.Build.0 = Release|ARM
		{53B2E14E-89F6-4AF8-BA49-5ED544105B22}.Release|ARM.Deploy.0 = Release|ARM
		{53B2E14E-89F6-4AF8-BA49-5ED544105B22}.Release|ARM64.ActiveCfg = Release|ARM64
		{53B2E14E-89F6-4AF8-BA49-5ED544105B22}.Release|ARM64.Build.0 = Release|ARM64
		{53B2E14E-89F6-4AF8-BA49-5ED544105B22}.Release|ARM64.Deploy.0 = Release|ARM64
		{53B2E14E-89F6-4AF8-BA49-5ED544105B22}.Release|x64.ActiveCfg = Release|x64
		{53B2E14E-89F6-4AF8-BA49-5ED544105B22}.Release|x64.Build.0 = Release|x64
		{53B2E14E-89F6-4AF8-BA49-5ED544105B22}.Release|x64.Deploy.0 = Release|x64
		{53B2E14E-89F6-4AF8-BA49-5ED544105B22}.Release|x86.ActiveCfg = Release|x86
		{53B2E14E-89F6-4AF8-BA49-5ED544105B22}.Release|x86.Build.0 = Release|x86
		{53B2E14E-89F6-4AF8-BA49-5ED544105B22}.Release|x86.Deploy.0 = Release|x86
		{90AD04D8-EB96-4BC2-951F-573F4C55F64E}.Debug|ARM.ActiveCfg = Debug|ARM
		{90AD04D8-EB96-4BC2-951F-573F4C55F64E}.Debug|ARM.Build.0 = Debug|ARM
		{90AD04D8-EB96-4BC2-951F-573F4C55F64E}.Debug|ARM.Deploy.0 = Debug|ARM
		{90AD04D8-EB96-4BC2-951F-573F4C55F64E}.Debug|ARM64.ActiveCfg = Debug|ARM64
		{90AD04D8-EB96-4BC2-951F-573F4C55F64E}.Debug|ARM64.Build.0 = Debug|ARM64
		{90AD04D8-EB96-4BC2-951F-573F4C55F64E}.Debug|ARM64.Deploy.0 = Debug|ARM64
		{90AD04D8-EB96-4BC2-951F-573F4C55F64E}.Debug|x64.ActiveCfg = Debug|x64
		{90AD04D8-EB96-4BC2-951F-573F4C55F64E}.Debug|x64.Build.0 = Debug|x64
		{90AD04D8-EB96-4BC2-951F-573F4C55F64E}.Debug|x64.Deploy.0 = Debug|x64
		{90AD04D8-EB96-4BC2-951F-573F4C55F64E}.Debug|x86.ActiveCfg = Debug|x86
		{90AD04D8-EB96-4BC2-951F-573F4C55F64E}.Debug|x86.Build.0 = Debug|x86
		{90AD04D8-EB96-4BC2-951F-573F4C55F64E}.Debug|x86.Deploy.0 = Debug|x86
		{90AD04D8-EB96-4BC2-951F-573F4C55F64E}.Release|ARM.ActiveCfg = Release|ARM
		{90AD04D8-EB96-4BC2-951F-573F4C55F64E}.Release|ARM.Build.0 = Release|ARM
		{90AD04D8-EB96-4BC2-951F-573F4C55F64E}.Release|ARM.Deploy.0 = Release|ARM
		{90AD04D8-EB96-4BC2-951F-573F4C55F64E}.Release|ARM64.ActiveCfg = Release|ARM64
		{90AD04D8-EB96-4BC2-951F-573F4C55F64E}.Release|ARM64.Build.0 = Release|ARM64
		{90AD04D8-EB96-4BC2-951F-573F4C55F64E}.Release|ARM64.Deploy.0 = Release|ARM64
		{90AD04D8-EB96-4BC2-951F-573F4C55F64E}.Release|x64.ActiveCfg = Release|x64
		{90AD04D8-EB96-4BC2-951F-573F4C55F64E}.Release|x64.Build.0 = Release|x64
		{90AD04D8-EB96-4BC2-951F-573F4C55F64E}.Release|x64.Deploy.0 = Release|x64
		{90AD04D8-EB96-4BC2-951F-573F4C55F64E}.Release|x86.ActiveCfg = Release|x86
		{90AD04D8-EB96-4BC2-951F-573F4C55F64E}.Release|x86.Build.0 = Release|x86
		{90AD04D8-EB96-4BC2-951F-573F4C55F64E}.Release|x86.Deploy.0 = Release|x86
		{F9015FA7-D44C-4AB3-92E6-A4FE90FD9E7E}.Debug|ARM.ActiveCfg = Debug|ARM
		{F9015FA7-D44C-4AB3-92E6-A4FE90FD9E7E}.Debug|ARM.Build.0 = Debug|ARM
		{F9015FA7-D44C-4AB3-92E6-A4FE90FD9E7E}.Debug|ARM.Deploy.0 = Debug|ARM
		{F9015FA7-D44C-4AB3-92E6-A4FE90FD9E7E}.Debug|ARM64.ActiveCfg = Debug|ARM64
		{F9015FA7-D44C-4AB3-92E6-A4FE90FD9E7E}.Debug|ARM64.Build.0 = Debug|ARM64
		{F9015FA7-D44C-4AB3-92E6-A4FE90FD9E7E}.Debug|ARM64.Deploy.0 = Debug|ARM64
		{F9015FA7-D44C-4AB3-92E6-A4FE90FD9E7E}.Debug|x64.ActiveCfg = Debug|x64
		{F9015FA7-D44C-4AB3-92E6-A4FE90FD9E7E}.Debug|x64.Build.0 = Debug|x64
		{F9015FA7-D44C-4AB3-92E6-A4FE90FD9E7E}.Debug|x64.Deploy.0 = Debug|x64
		{F9015FA7-D44C-4AB3-92E6-A4FE90FD9E7E}.Debug|x86.ActiveCfg = Debug|x86
		{F9015FA7-D44C-4AB3-92E6-A4FE90FD9E7E}.Debug|x86.Build.0 = Debug|x86
		{F9015FA7-D44C-4AB3-92E6-A4FE90FD9E7E}.Debug|x86.Deploy.0 = Debug|x86
		{F9015FA7-D44C-4AB3-92E6-A4FE90FD9E7E}.Release|ARM.ActiveCfg = Release|ARM
		{F9015FA7-D44C-4AB3-92E6-A4FE90FD9E7E}.Release|ARM.Build.0 = Release|ARM
		{F9015FA7-D44C-4AB3-92E6-A4FE90FD9E7E}.Release|ARM.Deploy.0 = Release|ARM
		{F9015FA7-D44C-4AB3-92E6-A4FE90FD9E7E}.Release|ARM64.ActiveCfg = Release|ARM64
		{F9015FA7-D44C-4AB3-92E6-A4FE90FD9E7E}.Release|ARM64.Build.0 = Release|ARM64
		{F9015FA7-D44C-4AB3-92E6-A4FE90FD9E7E}.Release|ARM64.Deploy.0 = Release|ARM64
		{F9015FA7-D44C-4AB3-92E6-A4FE90FD9E7E}.Release|x64.ActiveCfg = Release|x64
		{F9015FA7-D44C-4AB3-92E6-A4FE90FD9E7E}.Release|x64.Build.0 = Release|x64
		{F9015FA7-D44C-4AB3-92E6-A4FE90FD9E7E}.Release|x64.Deploy.0 = Release|x64
		{F9015FA7-D44C-4AB3-92E6-A4FE90FD9E7E}.Release|x86.ActiveCfg = Release|x86
		{F9015FA7-D44C-4AB3-92E6-A4FE90FD9E7E}.Release|x86.Build.0 = Release|x86
		{F9015FA7-D44C-4AB3-92E6-A4FE90FD9E7E}.Release|x86.Deploy.0 = Release|x86
	EndGlobalSection
	GlobalSection(SolutionProperties) = preSolution
		HideSolutionNode = FALSE
	EndGlobalSection
	GlobalSection(ExtensibilityGlobals) = postSolution
		SolutionGuid = {48C1C010-5A60-4F61-88FF-ABB2C3E34385}
	EndGlobalSection
EndGlobal
